
Microsoft Visual Studio Solution File, Format Version 10.00
# Visual Studio 2008
Project("{8BC9CEB8-8B4A-11D0-8D11-00A0C91BC942}") = "commonc++", "commonc++.vcproj", "{F9E27125-DCC9-4B17-8E1F-6DCA6D52207D}"
	ProjectSection(ProjectDependencies) = postProject
		{24D2419C-3FC6-4859-BE45-FA1A24737F9A} = {24D2419C-3FC6-4859-BE45-FA1A24737F9A}
		{3B8E1914-DBA4-46D0-9C68-641FC8AE95FD} = {3B8E1914-DBA4-46D0-9C68-641FC8AE95FD}
		{7119273A-A7D3-4EAE-8F25-CF20B13AF2E7} = {7119273A-A7D3-4EAE-8F25-CF20B13AF2E7}
		{9407EBE4-41E9-4E6D-B2B4-2CE3A804AA64} = {9407EBE4-41E9-4E6D-B2B4-2CE3A804AA64}
		{4F064C48-6396-44B3-BD19-FA2C01C0AA7E} = {4F064C48-6396-44B3-BD19-FA2C01C0AA7E}
	EndProjectSection
EndProject
Project("{8BC9CEB8-8B4A-11D0-8D11-00A0C91BC942}") = "cbits", "cbits\cbits.vcproj", "{4F064C48-6396-44B3-BD19-FA2C01C0AA7E}"
EndProject
Project("{8BC9CEB8-8B4A-11D0-8D11-00A0C91BC942}") = "commonc++db", "commonc++db.vcproj", "{A756CE1E-235C-4269-921C-07779414CFC5}"
	ProjectSection(ProjectDependencies) = postProject
		{F9E27125-DCC9-4B17-8E1F-6DCA6D52207D} = {F9E27125-DCC9-4B17-8E1F-6DCA6D52207D}
		{2234C2FD-7B97-426C-BBB6-E6A0E6E571D3} = {2234C2FD-7B97-426C-BBB6-E6A0E6E571D3}
	EndProjectSection
EndProject
Project("{8BC9CEB8-8B4A-11D0-8D11-00A0C91BC942}") = "stubsvc", "stubsvc.vcproj", "{E4C30FFE-9064-467E-9C78-5CDB0583EF8D}"
EndProject
Project("{8BC9CEB8-8B4A-11D0-8D11-00A0C91BC942}") = "commonc++xml", "commonc++xml.vcproj", "{9DA3839E-06B0-4DC6-835E-BA3179161758}"
	ProjectSection(ProjectDependencies) = postProject
		{F9E27125-DCC9-4B17-8E1F-6DCA6D52207D} = {F9E27125-DCC9-4B17-8E1F-6DCA6D52207D}
	EndProjectSection
EndProject
Project("{8BC9CEB8-8B4A-11D0-8D11-00A0C91BC942}") = "libatomic", "libatomic\libatomic.vcproj", "{24D2419C-3FC6-4859-BE45-FA1A24737F9A}"
EndProject
Project("{8BC9CEB8-8B4A-11D0-8D11-00A0C91BC942}") = "commonc++_tests", "commonc++_tests.vcproj", "{82FCE3A6-EEDB-4B02-A5FB-332C1F317382}"
	ProjectSection(ProjectDependencies) = postProject
		{A8499BE8-895A-43E8-88AD-AAF905DDD0D4} = {A8499BE8-895A-43E8-88AD-AAF905DDD0D4}
	EndProjectSection
EndProject
Project("{8BC9CEB8-8B4A-11D0-8D11-00A0C91BC942}") = "dummylib", "dummylib.vcproj", "{FA793FA3-CB3F-467C-B993-7B55FA011A86}"
EndProject
Project("{8BC9CEB8-8B4A-11D0-8D11-00A0C91BC942}") = "commonc++jvm", "commonc++jvm.vcproj", "{57B8A76A-5C47-4988-9BF2-892F312F2F6F}"
EndProject
Project("{8BC9CEB8-8B4A-11D0-8D11-00A0C91BC942}") = "commonc++db_tests", "commonc++db_tests.vcproj", "{E63C8B39-2169-43CA-A151-11484DE6525A}"
	ProjectSection(ProjectDependencies) = postProject
		{A756CE1E-235C-4269-921C-07779414CFC5} = {A756CE1E-235C-4269-921C-07779414CFC5}
		{A8499BE8-895A-43E8-88AD-AAF905DDD0D4} = {A8499BE8-895A-43E8-88AD-AAF905DDD0D4}
	EndProjectSection
EndProject
Project("{8BC9CEB8-8B4A-11D0-8D11-00A0C91BC942}") = "commonc++xml_tests", "commonc++xml_tests.vcproj", "{E6992812-AD5D-42FD-B867-16F3A224E3EF}"
	ProjectSection(ProjectDependencies) = postProject
		{9DA3839E-06B0-4DC6-835E-BA3179161758} = {9DA3839E-06B0-4DC6-835E-BA3179161758}
		{A8499BE8-895A-43E8-88AD-AAF905DDD0D4} = {A8499BE8-895A-43E8-88AD-AAF905DDD0D4}
	EndProjectSection
EndProject
Project("{8BC9CEB8-8B4A-11D0-8D11-00A0C91BC942}") = "commonc++jvm_tests", "commonc++jvm_tests.vcproj", "{DD51612C-8D77-44CF-8DEF-787A255B602E}"
	ProjectSection(ProjectDependencies) = postProject
		{57B8A76A-5C47-4988-9BF2-892F312F2F6F} = {57B8A76A-5C47-4988-9BF2-892F312F2F6F}
		{A8499BE8-895A-43E8-88AD-AAF905DDD0D4} = {A8499BE8-895A-43E8-88AD-AAF905DDD0D4}
	EndProjectSection
EndProject
Project("{8BC9CEB8-8B4A-11D0-8D11-00A0C91BC942}") = "commonc++_testmain", "commonc++_testmain.vcproj", "{A8499BE8-895A-43E8-88AD-AAF905DDD0D4}"
	ProjectSection(ProjectDependencies) = postProject
		{F9E27125-DCC9-4B17-8E1F-6DCA6D52207D} = {F9E27125-DCC9-4B17-8E1F-6DCA6D52207D}
	EndProjectSection
EndProject
Project("{8BC9CEB8-8B4A-11D0-8D11-00A0C91BC942}") = "libstacktrace", "libstacktrace\libstacktrace.vcproj", "{7119273A-A7D3-4EAE-8F25-CF20B13AF2E7}"
EndProject
Project("{8BC9CEB8-8B4A-11D0-8D11-00A0C91BC942}") = "pcre", "pcre-8.12\pcre.vcproj", "{A5BF8287-4E73-43CB-BB5F-BA34652EBF25}"
EndProject
Project("{8BC9CEB8-8B4A-11D0-8D11-00A0C91BC942}") = "pcreposix", "pcre-8.12\pcreposix.vcproj", "{3B8E1914-DBA4-46D0-9C68-641FC8AE95FD}"
	ProjectSection(ProjectDependencies) = postProject
		{A5BF8287-4E73-43CB-BB5F-BA34652EBF25} = {A5BF8287-4E73-43CB-BB5F-BA34652EBF25}
	EndProjectSection
EndProject
Project("{8BC9CEB8-8B4A-11D0-8D11-00A0C91BC942}") = "libiconv", "libiconv-1.13.1\libiconv.vcproj", "{9407EBE4-41E9-4E6D-B2B4-2CE3A804AA64}"
EndProject
Project("{8BC9CEB8-8B4A-11D0-8D11-00A0C91BC942}") = "plugintool", "plugintool\plugintool.vcproj", "{A3921697-25C9-4CA2-A685-A1154870ABED}"
EndProject
Project("{8BC9CEB8-8B4A-11D0-8D11-00A0C91BC942}") = "sqlite", "sqlite-3.7.5\sqlite.vcproj", "{2234C2FD-7B97-426C-BBB6-E6A0E6E571D3}"
EndProject
Global
	GlobalSection(SolutionConfigurationPlatforms) = preSolution
		Debug|Win32 = Debug|Win32
		Release|Win32 = Release|Win32
	EndGlobalSection
	GlobalSection(ProjectConfigurationPlatforms) = postSolution
		{F9E27125-DCC9-4B17-8E1F-6DCA6D52207D}.Debug|Win32.ActiveCfg = Debug|Win32
		{F9E27125-DCC9-4B17-8E1F-6DCA6D52207D}.Debug|Win32.Build.0 = Debug|Win32
		{F9E27125-DCC9-4B17-8E1F-6DCA6D52207D}.Release|Win32.ActiveCfg = Release|Win32
		{F9E27125-DCC9-4B17-8E1F-6DCA6D52207D}.Release|Win32.Build.0 = Release|Win32
		{4F064C48-6396-44B3-BD19-FA2C01C0AA7E}.Debug|Win32.ActiveCfg = Debug|Win32
		{4F064C48-6396-44B3-BD19-FA2C01C0AA7E}.Debug|Win32.Build.0 = Debug|Win32
		{4F064C48-6396-44B3-BD19-FA2C01C0AA7E}.Release|Win32.ActiveCfg = Release|Win32
		{4F064C48-6396-44B3-BD19-FA2C01C0AA7E}.Release|Win32.Build.0 = Release|Win32
		{A756CE1E-235C-4269-921C-07779414CFC5}.Debug|Win32.ActiveCfg = Debug|Win32
		{A756CE1E-235C-4269-921C-07779414CFC5}.Debug|Win32.Build.0 = Debug|Win32
		{A756CE1E-235C-4269-921C-07779414CFC5}.Release|Win32.ActiveCfg = Release|Win32
		{A756CE1E-235C-4269-921C-07779414CFC5}.Release|Win32.Build.0 = Release|Win32
		{E4C30FFE-9064-467E-9C78-5CDB0583EF8D}.Debug|Win32.ActiveCfg = Debug|Win32
		{E4C30FFE-9064-467E-9C78-5CDB0583EF8D}.Debug|Win32.Build.0 = Debug|Win32
		{E4C30FFE-9064-467E-9C78-5CDB0583EF8D}.Release|Win32.ActiveCfg = Release|Win32
		{9DA3839E-06B0-4DC6-835E-BA3179161758}.Debug|Win32.ActiveCfg = Debug|Win32
		{9DA3839E-06B0-4DC6-835E-BA3179161758}.Debug|Win32.Build.0 = Debug|Win32
		{9DA3839E-06B0-4DC6-835E-BA3179161758}.Release|Win32.ActiveCfg = Release|Win32
		{9DA3839E-06B0-4DC6-835E-BA3179161758}.Release|Win32.Build.0 = Release|Win32
		{24D2419C-3FC6-4859-BE45-FA1A24737F9A}.Debug|Win32.ActiveCfg = Debug|Win32
		{24D2419C-3FC6-4859-BE45-FA1A24737F9A}.Debug|Win32.Build.0 = Debug|Win32
		{24D2419C-3FC6-4859-BE45-FA1A24737F9A}.Release|Win32.ActiveCfg = Release|Win32
		{24D2419C-3FC6-4859-BE45-FA1A24737F9A}.Release|Win32.Build.0 = Release|Win32
		{82FCE3A6-EEDB-4B02-A5FB-332C1F317382}.Debug|Win32.ActiveCfg = Debug|Win32
		{82FCE3A6-EEDB-4B02-A5FB-332C1F317382}.Debug|Win32.Build.0 = Debug|Win32
		{82FCE3A6-EEDB-4B02-A5FB-332C1F317382}.Release|Win32.ActiveCfg = Release|Win32
		{FA793FA3-CB3F-467C-B993-7B55FA011A86}.Debug|Win32.ActiveCfg = Debug|Win32
		{FA793FA3-CB3F-467C-B993-7B55FA011A86}.Debug|Win32.Build.0 = Debug|Win32
		{FA793FA3-CB3F-467C-B993-7B55FA011A86}.Release|Win32.ActiveCfg = Release|Win32
		{57B8A76A-5C47-4988-9BF2-892F312F2F6F}.Debug|Win32.ActiveCfg = Debug|Win32
		{57B8A76A-5C47-4988-9BF2-892F312F2F6F}.Debug|Win32.Build.0 = Debug|Win32
		{57B8A76A-5C47-4988-9BF2-892F312F2F6F}.Release|Win32.ActiveCfg = Release|Win32
		{57B8A76A-5C47-4988-9BF2-892F312F2F6F}.Release|Win32.Build.0 = Release|Win32
		{E63C8B39-2169-43CA-A151-11484DE6525A}.Debug|Win32.ActiveCfg = Debug|Win32
		{E63C8B39-2169-43CA-A151-11484DE6525A}.Debug|Win32.Build.0 = Debug|Win32
		{E63C8B39-2169-43CA-A151-11484DE6525A}.Release|Win32.ActiveCfg = Release|Win32
		{E6992812-AD5D-42FD-B867-16F3A224E3EF}.Debug|Win32.ActiveCfg = Debug|Win32
		{E6992812-AD5D-42FD-B867-16F3A224E3EF}.Debug|Win32.Build.0 = Debug|Win32
		{E6992812-AD5D-42FD-B867-16F3A224E3EF}.Release|Win32.ActiveCfg = Release|Win32
		{DD51612C-8D77-44CF-8DEF-787A255B602E}.Debug|Win32.ActiveCfg = Debug|Win32
		{DD51612C-8D77-44CF-8DEF-787A255B602E}.Debug|Win32.Build.0 = Debug|Win32
		{DD51612C-8D77-44CF-8DEF-787A255B602E}.Release|Win32.ActiveCfg = Release|Win32
		{A8499BE8-895A-43E8-88AD-AAF905DDD0D4}.Debug|Win32.ActiveCfg = Debug|Win32
		{A8499BE8-895A-43E8-88AD-AAF905DDD0D4}.Debug|Win32.Build.0 = Debug|Win32
		{A8499BE8-895A-43E8-88AD-AAF905DDD0D4}.Release|Win32.ActiveCfg = Release|Win32
		{7119273A-A7D3-4EAE-8F25-CF20B13AF2E7}.Debug|Win32.ActiveCfg = Debug|Win32
		{7119273A-A7D3-4EAE-8F25-CF20B13AF2E7}.Debug|Win32.Build.0 = Debug|Win32
		{7119273A-A7D3-4EAE-8F25-CF20B13AF2E7}.Release|Win32.ActiveCfg = Release|Win32
		{7119273A-A7D3-4EAE-8F25-CF20B13AF2E7}.Release|Win32.Build.0 = Release|Win32
		{A5BF8287-4E73-43CB-BB5F-BA34652EBF25}.Debug|Win32.ActiveCfg = Debug|Win32
		{A5BF8287-4E73-43CB-BB5F-BA34652EBF25}.Debug|Win32.Build.0 = Debug|Win32
		{A5BF8287-4E73-43CB-BB5F-BA34652EBF25}.Release|Win32.ActiveCfg = Release|Win32
		{A5BF8287-4E73-43CB-BB5F-BA34652EBF25}.Release|Win32.Build.0 = Release|Win32
		{3B8E1914-DBA4-46D0-9C68-641FC8AE95FD}.Debug|Win32.ActiveCfg = Debug|Win32
		{3B8E1914-DBA4-46D0-9C68-641FC8AE95FD}.Debug|Win32.Build.0 = Debug|Win32
		{3B8E1914-DBA4-46D0-9C68-641FC8AE95FD}.Release|Win32.ActiveCfg = Release|Win32
		{3B8E1914-DBA4-46D0-9C68-641FC8AE95FD}.Release|Win32.Build.0 = Release|Win32
		{9407EBE4-41E9-4E6D-B2B4-2CE3A804AA64}.Debug|Win32.ActiveCfg = Debug|Win32
		{9407EBE4-41E9-4E6D-B2B4-2CE3A804AA64}.Debug|Win32.Build.0 = Debug|Win32
		{9407EBE4-41E9-4E6D-B2B4-2CE3A804AA64}.Release|Win32.ActiveCfg = Release|Win32
		{9407EBE4-41E9-4E6D-B2B4-2CE3A804AA64}.Release|Win32.Build.0 = Release|Win32
		{A3921697-25C9-4CA2-A685-A1154870ABED}.Debug|Win32.ActiveCfg = Debug|Win32
		{A3921697-25C9-4CA2-A685-A1154870ABED}.Debug|Win32.Build.0 = Debug|Win32
		{A3921697-25C9-4CA2-A685-A1154870ABED}.Release|Win32.ActiveCfg = Release|Win32
		{A3921697-25C9-4CA2-A685-A1154870ABED}.Release|Win32.Build.0 = Release|Win32
		{2234C2FD-7B97-426C-BBB6-E6A0E6E571D3}.Debug|Win32.ActiveCfg = Debug|Win32
		{2234C2FD-7B97-426C-BBB6-E6A0E6E571D3}.Debug|Win32.Build.0 = Debug|Win32
		{2234C2FD-7B97-426C-BBB6-E6A0E6E571D3}.Release|Win32.ActiveCfg = Release|Win32
		{2234C2FD-7B97-426C-BBB6-E6A0E6E571D3}.Release|Win32.Build.0 = Release|Win32
	EndGlobalSection
	GlobalSection(SolutionProperties) = preSolution
		HideSolutionNode = FALSE
	EndGlobalSection
EndGlobal
